
Microsoft Visual Studio Solution File, Format Version 12.00
# Visual Studio 15
VisualStudioVersion = 15.0.27428.2027
MinimumVisualStudioVersion = 10.0.40219.1
Project("{9A19103F-16F7-4668-BE54-9A1E7A4F7556}") = "Gallery.MVC", "Gallery.MVC\Gallery.MVC.csproj", "{1CEFA0D7-60C5-4D8B-BF21-FF4FD343FDB3}"
EndProject
Project("{FAE04EC0-301F-11D3-BF4B-00C04F79EFBC}") = "Gallery.Logic", "Gallery.DataAccess\Gallery.Logic.csproj", "{94A4F09D-3787-4181-90D7-FBEF19E2BEBB}"
EndProject
Global
	GlobalSection(SolutionConfigurationPlatforms) = preSolution
		Debug|Any CPU = Debug|Any CPU
		Release|Any CPU = Release|Any CPU
	EndGlobalSection
	GlobalSection(ProjectConfigurationPlatforms) = postSolution
		{1CEFA0D7-60C5-4D8B-BF21-FF4FD343FDB3}.Debug|Any CPU.ActiveCfg = Debug|Any CPU
		{1CEFA0D7-60C5-4D8B-BF21-FF4FD343FDB3}.Debug|Any CPU.Build.0 = Debug|Any CPU
		{1CEFA0D7-60C5-4D8B-BF21-FF4FD343FDB3}.Release|Any CPU.ActiveCfg = Release|Any CPU
		{1CEFA0D7-60C5-4D8B-BF21-FF4FD343FDB3}.Release|Any CPU.Build.0 = Release|Any CPU
		{94A4F09D-3787-4181-90D7-FBEF19E2BEBB}.Debug|Any CPU.ActiveCfg = Debug|Any CPU
		{94A4F09D-3787-4181-90D7-FBEF19E2BEBB}.Debug|Any CPU.Build.0 = Debug|Any CPU
		{94A4F09D-3787-4181-90D7-FBEF19E2BEBB}.Release|Any CPU.ActiveCfg = Release|Any CPU
		{94A4F09D-3787-4181-90D7-FBEF19E2BEBB}.Release|Any CPU.Build.0 = Release|Any CPU
	EndGlobalSection
	GlobalSection(SolutionProperties) = preSolution
		HideSolutionNode = FALSE
	EndGlobalSection
	GlobalSection(ExtensibilityGlobals) = postSolution
		        SolutionGuid = {6817F262-5E0B-4F95-ABAA-804F663ED829}
		SolutionGuid = {51AFFF34-4100-4591-97D0-34C9E514EDA7}
	EndGlobalSection
EndGlobal
